{
  "nodes": {
    "agent-skills-nix": {
      "inputs": {
        "home-manager": "home-manager",
        "nixpkgs": "nixpkgs"
      },
      "locked": {
        "lastModified": 1772204473,
        "narHash": "sha256-iT3F56ad9zxrY7BCjVIyBk8xHwnULL3WcJOdQc+HHVU=",
        "owner": "Kyure-A",
        "repo": "agent-skills-nix",
        "rev": "9ee599cb979640aa403083106743a3e3f6458645",
        "type": "github"
      },
      "original": {
        "owner": "Kyure-A",
        "repo": "agent-skills-nix",
        "type": "github"
      }
    },
    "home-manager": {
      "inputs": {
        "nixpkgs": [
          "agent-skills-nix",
          "nixpkgs"
        ]
      },
      "locked": {
        "lastModified": 1771756436,
        "narHash": "sha256-Tl2I0YXdhSTufGqAaD1ySh8x+cvVsEI1mJyJg12lxhI=",
        "owner": "nix-community",
        "repo": "home-manager",
        "rev": "5bd3589390b431a63072868a90c0f24771ff4cbb",
        "type": "github"
      },
      "original": {
        "owner": "nix-community",
        "repo": "home-manager",
        "type": "github"
      }
    },
    "nixpkgs": {
      "locked": {
        "lastModified": 1771369470,
        "narHash": "sha256-0NBlEBKkN3lufyvFegY4TYv5mCNHbi5OmBDrzihbBMQ=",
        "owner": "NixOS",
        "repo": "nixpkgs",
        "rev": "0182a361324364ae3f436a63005877674cf45efb",
        "type": "github"
      },
      "original": {
        "owner": "NixOS",
        "ref": "nixos-unstable",
        "repo": "nixpkgs",
        "type": "github"
      }
    },
    "nixpkgs_2": {
      "locked": {
        "lastModified": 1772082373,
        "narHash": "sha256-wySf8a6hvuqgFdwvvzPPTARBCMLDz7WFAufGkllD1M4=",
        "owner": "NixOS",
        "repo": "nixpkgs",
        "rev": "26eaeac4e409d7b5a6bf6f90a2a2dc223c78d915",
        "type": "github"
      },
      "original": {
        "owner": "NixOS",
        "ref": "nixpkgs-unstable",
        "repo": "nixpkgs",
        "type": "github"
      }
    },
    "root": {
      "inputs": {
        "agent-skills-nix": "agent-skills-nix",
        "nixpkgs": "nixpkgs_2",
        "skills-anthropics": "skills-anthropics",
        "skills-dcramer-dex": "skills-dcramer-dex",
        "skills-github-copilot": "skills-github-copilot",
        "skills-jackal-obsidian-cli": "skills-jackal-obsidian-cli",
        "skills-kepano-obsidian": "skills-kepano-obsidian",
        "skills-microsoft": "skills-microsoft",
        "skills-softaworks": "skills-softaworks",
        "skills-steipete": "skills-steipete",
        "skills-sundial-openclaw": "skills-sundial-openclaw",
        "skills-vercel-labs": "skills-vercel-labs"
      }
    },
    "skills-anthropics": {
      "flake": false,
      "locked": {
        "lastModified": 1771993718,
        "narHash": "sha256-mZZ0rlj/kju7we1h+MvUjgFAVjcZ/qKkMbNZfhfCSvk=",
        "owner": "anthropics",
        "repo": "skills",
        "rev": "3d59511518591fa82e6cfcf0438d68dd5dad3e76",
        "type": "github"
      },
      "original": {
        "owner": "anthropics",
        "repo": "skills",
        "type": "github"
      }
    },
    "skills-dcramer-dex": {
      "flake": false,
      "locked": {
        "lastModified": 1771364572,
        "narHash": "sha256-E6u8e3uIXcWexJLbCUpkodsvrZHDfCuf4P33tvnedKM=",
        "owner": "dcramer",
        "repo": "dex",
        "rev": "939f6cbb3b13b202929560a98e7f7df6e7a11abe",
        "type": "github"
      },
      "original": {
        "owner": "dcramer",
        "repo": "dex",
        "type": "github"
      }
    },
    "skills-github-copilot": {
      "flake": false,
      "locked": {
        "lastModified": 1772150820,
        "narHash": "sha256-wRdHe3/n8lQGYTZ67/u2B6G44ZS6L8XiKULxDPjaj1Q=",
        "owner": "github",
        "repo": "awesome-copilot",
        "rev": "4488150e942c231c148e9648b3eda147d5237279",
        "type": "github"
      },
      "original": {
        "owner": "github",
        "repo": "awesome-copilot",
        "type": "github"
      }
    },
    "skills-jackal-obsidian-cli": {
      "flake": false,
      "locked": {
        "lastModified": 1770984575,
        "narHash": "sha256-p/jKaNmng1Iv9b8Eo/V3CcgcgDZLVJm6aLNRLywMzQU=",
        "owner": "jackal092927",
        "repo": "obsidian-official-cli-skills",
        "rev": "ab6533943454abd5fe554b5a1550c0244d569d98",
        "type": "github"
      },
      "original": {
        "owner": "jackal092927",
        "repo": "obsidian-official-cli-skills",
        "type": "github"
      }
    },
    "skills-kepano-obsidian": {
      "flake": false,
      "locked": {
        "lastModified": 1772210156,
        "narHash": "sha256-SVRVUJoelr8mWnnye4h1RD1BvKeYWPs0P2iEZr5+2T0=",
        "owner": "kepano",
        "repo": "obsidian-skills",
        "rev": "28b98025f5db4d791264631904dd4aa2d6c88631",
        "type": "github"
      },
      "original": {
        "owner": "kepano",
        "repo": "obsidian-skills",
        "type": "github"
      }
    },
    "skills-microsoft": {
      "flake": false,
      "locked": {
        "lastModified": 1772081765,
        "narHash": "sha256-J2YvQcZqpL4DOUlbIbRQLgD3D1g1neugv3x9841XaD4=",
        "owner": "microsoft",
        "repo": "skills",
        "rev": "b61408650daac3604ba6cfd84a82c08c7715fc13",
        "type": "github"
      },
      "original": {
        "owner": "microsoft",
        "repo": "skills",
        "type": "github"
      }
    },
    "skills-softaworks": {
      "flake": false,
      "locked": {
        "lastModified": 1770549384,
        "narHash": "sha256-jz0BLFrgNFZn0V67BSEwjQy6KAaXHFkFahEBSZTzjyM=",
        "owner": "softaworks",
        "repo": "agent-toolkit",
        "rev": "62b5df50daf75a28d3c0c626d6147539287575fc",
        "type": "github"
      },
      "original": {
        "owner": "softaworks",
        "repo": "agent-toolkit",
        "type": "github"
      }
    },
    "skills-steipete": {
      "flake": false,
      "locked": {
        "lastModified": 1771081709,
        "narHash": "sha256-Ja8y+5VTvREwDl4jJMb3g+YVgjmHY6F5QIuEZ8Nw2KE=",
        "owner": "steipete",
        "repo": "agent-scripts",
        "rev": "4e28dd5bd7caa5ba142c20f80325ac63d42ecf0e",
        "type": "github"
      },
      "original": {
        "owner": "steipete",
        "repo": "agent-scripts",
        "type": "github"
      }
    },
    "skills-sundial-openclaw": {
      "flake": false,
      "locked": {
        "lastModified": 1769934909,
        "narHash": "sha256-BSSaGYmpJt1BMwJs48U9/AsfshU+kXV3xljaks5y9tI=",
        "owner": "sundial-org",
        "repo": "awesome-openclaw-skills",
        "rev": "6d998e005da63ddec0e368cfe93047c3214cd747",
        "type": "github"
      },
      "original": {
        "owner": "sundial-org",
        "repo": "awesome-openclaw-skills",
        "type": "github"
      }
    },
    "skills-vercel-labs": {
      "flake": false,
      "locked": {
        "lastModified": 1772132414,
        "narHash": "sha256-/8LPVceUJ6px2CE9FOS5nrwakGX0Ps9bAgoqGJknON4=",
        "owner": "vercel-labs",
        "repo": "skills",
        "rev": "cc77715531165225d680a67b0561980695b67772",
        "type": "github"
      },
      "original": {
        "owner": "vercel-labs",
        "repo": "skills",
        "type": "github"
      }
    }
  },
  "root": "root",
  "version": 7
}
